
Microsoft Visual Studio Solution File, Format Version 9.00
# Visual Studio 2005
Project("{FAE04EC0-301F-11D3-BF4B-00C04F79EFBC}") = "ReadingWebPageAsHTML", "ReadingWebPageAsHTML\ReadingWebPageAsHTML.csproj", "{11DC9C97-A8A6-4793-B14F-7EE954FA022C}"
EndProject
Global
	GlobalSection(SolutionConfigurationPlatforms) = preSolution
		Debug|Any CPU = Debug|Any CPU
		Release|Any CPU = Release|Any CPU
	EndGlobalSection
	GlobalSection(ProjectConfigurationPlatforms) = postSolution
		{11DC9C97-A8A6-4793-B14F-7EE954FA022C}.Debug|Any CPU.ActiveCfg = Debug|Any CPU
		{11DC9C97-A8A6-4793-B14F-7EE954FA022C}.Debug|Any CPU.Build.0 = Debug|Any CPU
		{11DC9C97-A8A6-4793-B14F-7EE954FA022C}.Release|Any CPU.ActiveCfg = Release|Any CPU
		{11DC9C97-A8A6-4793-B14F-7EE954FA022C}.Release|Any CPU.Build.0 = Release|Any CPU
	EndGlobalSection
	GlobalSection(SolutionProperties) = preSolution
		HideSolutionNode = FALSE
	EndGlobalSection
EndGlobal
