
Microsoft Visual Studio Solution File, Format Version 9.00
# Visual Studio 2005
Project("{FAE04EC0-301F-11D3-BF4B-00C04F79EFBC}") = "TimeClass", "TimeClass\TimeClass.csproj", "{A1908D51-531E-4A88-AFD5-312EA46A3A4B}"
EndProject
Global
	GlobalSection(SolutionConfigurationPlatforms) = preSolution
		Debug|Any CPU = Debug|Any CPU
		Release|Any CPU = Release|Any CPU
	EndGlobalSection
	GlobalSection(ProjectConfigurationPlatforms) = postSolution
		{A1908D51-531E-4A88-AFD5-312EA46A3A4B}.Debug|Any CPU.ActiveCfg = Debug|Any CPU
		{A1908D51-531E-4A88-AFD5-312EA46A3A4B}.Debug|Any CPU.Build.0 = Debug|Any CPU
		{A1908D51-531E-4A88-AFD5-312EA46A3A4B}.Release|Any CPU.ActiveCfg = Release|Any CPU
		{A1908D51-531E-4A88-AFD5-312EA46A3A4B}.Release|Any CPU.Build.0 = Release|Any CPU
	EndGlobalSection
	GlobalSection(SolutionProperties) = preSolution
		HideSolutionNode = FALSE
	EndGlobalSection
EndGlobal
