
Microsoft Visual Studio Solution File, Format Version 9.00
# Visual Studio 2005
Project("{FAE04EC0-301F-11D3-BF4B-00C04F79EFBC}") = "UsingForEach", "UsingForEach\UsingForEach.csproj", "{64B381AA-B0BD-4DAE-9A6C-27A9F22D68AD}"
EndProject
Global
	GlobalSection(SolutionConfigurationPlatforms) = preSolution
		Debug|Any CPU = Debug|Any CPU
		Release|Any CPU = Release|Any CPU
	EndGlobalSection
	GlobalSection(ProjectConfigurationPlatforms) = postSolution
		{64B381AA-B0BD-4DAE-9A6C-27A9F22D68AD}.Debug|Any CPU.ActiveCfg = Debug|Any CPU
		{64B381AA-B0BD-4DAE-9A6C-27A9F22D68AD}.Debug|Any CPU.Build.0 = Debug|Any CPU
		{64B381AA-B0BD-4DAE-9A6C-27A9F22D68AD}.Release|Any CPU.ActiveCfg = Release|Any CPU
		{64B381AA-B0BD-4DAE-9A6C-27A9F22D68AD}.Release|Any CPU.Build.0 = Release|Any CPU
	EndGlobalSection
	GlobalSection(SolutionProperties) = preSolution
		HideSolutionNode = FALSE
	EndGlobalSection
EndGlobal
