
Microsoft Visual Studio Solution File, Format Version 9.00
# Visual Studio 2005
Project("{FAE04EC0-301F-11D3-BF4B-00C04F79EFBC}") = "UsingAProperty", "UsingAProperty\UsingAProperty.csproj", "{498D6925-7C19-4020-B19B-9D5A439B68E9}"
EndProject
Global
	GlobalSection(SolutionConfigurationPlatforms) = preSolution
		Debug|Any CPU = Debug|Any CPU
		Release|Any CPU = Release|Any CPU
	EndGlobalSection
	GlobalSection(ProjectConfigurationPlatforms) = postSolution
		{498D6925-7C19-4020-B19B-9D5A439B68E9}.Debug|Any CPU.ActiveCfg = Debug|Any CPU
		{498D6925-7C19-4020-B19B-9D5A439B68E9}.Debug|Any CPU.Build.0 = Debug|Any CPU
		{498D6925-7C19-4020-B19B-9D5A439B68E9}.Release|Any CPU.ActiveCfg = Release|Any CPU
		{498D6925-7C19-4020-B19B-9D5A439B68E9}.Release|Any CPU.Build.0 = Release|Any CPU
	EndGlobalSection
	GlobalSection(SolutionProperties) = preSolution
		HideSolutionNode = FALSE
	EndGlobalSection
EndGlobal
