
Microsoft Visual Studio Solution File, Format Version 9.00
# Visual Studio 2005
Project("{FAE04EC0-301F-11D3-BF4B-00C04F79EFBC}") = "CreatingAStruct", "CreatingAStruct\CreatingAStruct.csproj", "{166FB335-2A42-4F8D-BF24-29315617FE94}"
EndProject
Global
	GlobalSection(SolutionConfigurationPlatforms) = preSolution
		Debug|Any CPU = Debug|Any CPU
		Release|Any CPU = Release|Any CPU
	EndGlobalSection
	GlobalSection(ProjectConfigurationPlatforms) = postSolution
		{166FB335-2A42-4F8D-BF24-29315617FE94}.Debug|Any CPU.ActiveCfg = Debug|Any CPU
		{166FB335-2A42-4F8D-BF24-29315617FE94}.Debug|Any CPU.Build.0 = Debug|Any CPU
		{166FB335-2A42-4F8D-BF24-29315617FE94}.Release|Any CPU.ActiveCfg = Release|Any CPU
		{166FB335-2A42-4F8D-BF24-29315617FE94}.Release|Any CPU.Build.0 = Release|Any CPU
	EndGlobalSection
	GlobalSection(SolutionProperties) = preSolution
		HideSolutionNode = FALSE
	EndGlobalSection
EndGlobal
