
Microsoft Visual Studio Solution File, Format Version 9.00
# Visual Studio 2005
Project("{FAE04EC0-301F-11D3-BF4B-00C04F79EFBC}") = "DeclaringConstructor", "DeclaringConstructor\DeclaringConstructor.csproj", "{BFA0D28D-92DF-4ADE-8F9F-0CA7E4011E47}"
EndProject
Global
	GlobalSection(SolutionConfigurationPlatforms) = preSolution
		Debug|Any CPU = Debug|Any CPU
		Release|Any CPU = Release|Any CPU
	EndGlobalSection
	GlobalSection(ProjectConfigurationPlatforms) = postSolution
		{BFA0D28D-92DF-4ADE-8F9F-0CA7E4011E47}.Debug|Any CPU.ActiveCfg = Debug|Any CPU
		{BFA0D28D-92DF-4ADE-8F9F-0CA7E4011E47}.Debug|Any CPU.Build.0 = Debug|Any CPU
		{BFA0D28D-92DF-4ADE-8F9F-0CA7E4011E47}.Release|Any CPU.ActiveCfg = Release|Any CPU
		{BFA0D28D-92DF-4ADE-8F9F-0CA7E4011E47}.Release|Any CPU.Build.0 = Release|Any CPU
	EndGlobalSection
	GlobalSection(SolutionProperties) = preSolution
		HideSolutionNode = FALSE
	EndGlobalSection
EndGlobal
