
Microsoft Visual Studio Solution File, Format Version 9.00
# Visual Studio 2005
Project("{FAE04EC0-301F-11D3-BF4B-00C04F79EFBC}") = "UninitializedVariable", "UninitializedVariable\UninitializedVariable.csproj", "{DBD173BE-9C97-4D63-9DAF-1FC2A7520CCB}"
EndProject
Global
	GlobalSection(SolutionConfigurationPlatforms) = preSolution
		Debug|Any CPU = Debug|Any CPU
		Release|Any CPU = Release|Any CPU
	EndGlobalSection
	GlobalSection(ProjectConfigurationPlatforms) = postSolution
		{DBD173BE-9C97-4D63-9DAF-1FC2A7520CCB}.Debug|Any CPU.ActiveCfg = Debug|Any CPU
		{DBD173BE-9C97-4D63-9DAF-1FC2A7520CCB}.Debug|Any CPU.Build.0 = Debug|Any CPU
		{DBD173BE-9C97-4D63-9DAF-1FC2A7520CCB}.Release|Any CPU.ActiveCfg = Release|Any CPU
		{DBD173BE-9C97-4D63-9DAF-1FC2A7520CCB}.Release|Any CPU.Build.0 = Release|Any CPU
	EndGlobalSection
	GlobalSection(SolutionProperties) = preSolution
		HideSolutionNode = FALSE
	EndGlobalSection
EndGlobal
