
Microsoft Visual Studio Solution File, Format Version 9.00
# Visual Studio 2005
Project("{FAE04EC0-301F-11D3-BF4B-00C04F79EFBC}") = "ProgCSharpWindowsForm", "ProgCSharpWindowsForm\ProgCSharpWindowsForm.csproj", "{0A7BDFB2-1719-48D9-878B-AF75DD7926AC}"
EndProject
Global
	GlobalSection(SolutionConfigurationPlatforms) = preSolution
		Debug|Any CPU = Debug|Any CPU
		Release|Any CPU = Release|Any CPU
	EndGlobalSection
	GlobalSection(ProjectConfigurationPlatforms) = postSolution
		{0A7BDFB2-1719-48D9-878B-AF75DD7926AC}.Debug|Any CPU.ActiveCfg = Debug|Any CPU
		{0A7BDFB2-1719-48D9-878B-AF75DD7926AC}.Debug|Any CPU.Build.0 = Debug|Any CPU
		{0A7BDFB2-1719-48D9-878B-AF75DD7926AC}.Release|Any CPU.ActiveCfg = Release|Any CPU
		{0A7BDFB2-1719-48D9-878B-AF75DD7926AC}.Release|Any CPU.Build.0 = Release|Any CPU
	EndGlobalSection
	GlobalSection(SolutionProperties) = preSolution
		HideSolutionNode = FALSE
	EndGlobalSection
EndGlobal
