
Microsoft Visual Studio Solution File, Format Version 12.00
# Visual Studio 2012
Project("{FAE04EC0-301F-11D3-BF4B-00C04F79EFBC}") = "chap03_test", "chap03_test\chap03_test.csproj", "{EB8B300A-55E7-4BC2-B4CC-852FF4F93954}"
EndProject
Global
	GlobalSection(SolutionConfigurationPlatforms) = preSolution
		Debug|x86 = Debug|x86
		Release|x86 = Release|x86
	EndGlobalSection
	GlobalSection(ProjectConfigurationPlatforms) = postSolution
		{EB8B300A-55E7-4BC2-B4CC-852FF4F93954}.Debug|x86.ActiveCfg = Debug|x86
		{EB8B300A-55E7-4BC2-B4CC-852FF4F93954}.Debug|x86.Build.0 = Debug|x86
		{EB8B300A-55E7-4BC2-B4CC-852FF4F93954}.Release|x86.ActiveCfg = Release|x86
		{EB8B300A-55E7-4BC2-B4CC-852FF4F93954}.Release|x86.Build.0 = Release|x86
	EndGlobalSection
EndGlobal
