
Microsoft Visual Studio Solution File, Format Version 9.00
# Visual Studio 2005
Project("{FAE04EC0-301F-11D3-BF4B-00C04F79EFBC}") = "FindingParticularMembers", "FindingParticularMembers\FindingParticularMembers.csproj", "{C98070F2-5EEE-42CF-8F0D-10502DA1E19D}"
EndProject
Global
	GlobalSection(SolutionConfigurationPlatforms) = preSolution
		Debug|Any CPU = Debug|Any CPU
		Release|Any CPU = Release|Any CPU
	EndGlobalSection
	GlobalSection(ProjectConfigurationPlatforms) = postSolution
		{C98070F2-5EEE-42CF-8F0D-10502DA1E19D}.Debug|Any CPU.ActiveCfg = Debug|Any CPU
		{C98070F2-5EEE-42CF-8F0D-10502DA1E19D}.Debug|Any CPU.Build.0 = Debug|Any CPU
		{C98070F2-5EEE-42CF-8F0D-10502DA1E19D}.Release|Any CPU.ActiveCfg = Release|Any CPU
		{C98070F2-5EEE-42CF-8F0D-10502DA1E19D}.Release|Any CPU.Build.0 = Release|Any CPU
	EndGlobalSection
	GlobalSection(SolutionProperties) = preSolution
		HideSolutionNode = FALSE
	EndGlobalSection
EndGlobal
