
Microsoft Visual Studio Solution File, Format Version 9.00
# Visual Studio 2005
Project("{FAE04EC0-301F-11D3-BF4B-00C04F79EFBC}") = "RegExSplit", "RegExSplit\RegExSplit.csproj", "{A48CE8E4-3D26-48B1-B031-BF241F921727}"
EndProject
Global
	GlobalSection(SolutionConfigurationPlatforms) = preSolution
		Debug|Any CPU = Debug|Any CPU
		Release|Any CPU = Release|Any CPU
	EndGlobalSection
	GlobalSection(ProjectConfigurationPlatforms) = postSolution
		{A48CE8E4-3D26-48B1-B031-BF241F921727}.Debug|Any CPU.ActiveCfg = Debug|Any CPU
		{A48CE8E4-3D26-48B1-B031-BF241F921727}.Debug|Any CPU.Build.0 = Debug|Any CPU
		{A48CE8E4-3D26-48B1-B031-BF241F921727}.Release|Any CPU.ActiveCfg = Release|Any CPU
		{A48CE8E4-3D26-48B1-B031-BF241F921727}.Release|Any CPU.Build.0 = Release|Any CPU
	EndGlobalSection
	GlobalSection(SolutionProperties) = preSolution
		HideSolutionNode = FALSE
	EndGlobalSection
EndGlobal
