
Microsoft Visual Studio Solution File, Format Version 9.00
# Visual Studio 2005
Project("{FAE04EC0-301F-11D3-BF4B-00C04F79EFBC}") = "Initializer", "Initializer\Initializer.csproj", "{B07B73F7-2D30-4F86-9408-2205886FC9B2}"
EndProject
Global
	GlobalSection(SolutionConfigurationPlatforms) = preSolution
		Debug|Any CPU = Debug|Any CPU
		Release|Any CPU = Release|Any CPU
	EndGlobalSection
	GlobalSection(ProjectConfigurationPlatforms) = postSolution
		{B07B73F7-2D30-4F86-9408-2205886FC9B2}.Debug|Any CPU.ActiveCfg = Debug|Any CPU
		{B07B73F7-2D30-4F86-9408-2205886FC9B2}.Debug|Any CPU.Build.0 = Debug|Any CPU
		{B07B73F7-2D30-4F86-9408-2205886FC9B2}.Release|Any CPU.ActiveCfg = Release|Any CPU
		{B07B73F7-2D30-4F86-9408-2205886FC9B2}.Release|Any CPU.Build.0 = Release|Any CPU
	EndGlobalSection
	GlobalSection(SolutionProperties) = preSolution
		HideSolutionNode = FALSE
	EndGlobalSection
EndGlobal
