
Microsoft Visual Studio Solution File, Format Version 9.00
# Visual Studio 2005
Project("{FAE04EC0-301F-11D3-BF4B-00C04F79EFBC}") = "usingStatement", "usingStatement\usingStatement.csproj", "{89595733-93F5-43FD-AC6B-596B61E6FD31}"
EndProject
Global
	GlobalSection(SolutionConfigurationPlatforms) = preSolution
		Debug|Any CPU = Debug|Any CPU
		Release|Any CPU = Release|Any CPU
	EndGlobalSection
	GlobalSection(ProjectConfigurationPlatforms) = postSolution
		{89595733-93F5-43FD-AC6B-596B61E6FD31}.Debug|Any CPU.ActiveCfg = Debug|Any CPU
		{89595733-93F5-43FD-AC6B-596B61E6FD31}.Debug|Any CPU.Build.0 = Debug|Any CPU
		{89595733-93F5-43FD-AC6B-596B61E6FD31}.Release|Any CPU.ActiveCfg = Release|Any CPU
		{89595733-93F5-43FD-AC6B-596B61E6FD31}.Release|Any CPU.Build.0 = Release|Any CPU
	EndGlobalSection
	GlobalSection(SolutionProperties) = preSolution
		HideSolutionNode = FALSE
	EndGlobalSection
EndGlobal
