
Microsoft Visual Studio Solution File, Format Version 9.00
# Visual Studio 2005
Project("{FAE04EC0-301F-11D3-BF4B-00C04F79EFBC}") = "LateBinding", "LateBinding\LateBinding.csproj", "{AD87D47F-EBFB-4F6A-8735-3898FFA7829E}"
EndProject
Global
	GlobalSection(SolutionConfigurationPlatforms) = preSolution
		Debug|Any CPU = Debug|Any CPU
		Release|Any CPU = Release|Any CPU
	EndGlobalSection
	GlobalSection(ProjectConfigurationPlatforms) = postSolution
		{AD87D47F-EBFB-4F6A-8735-3898FFA7829E}.Debug|Any CPU.ActiveCfg = Debug|Any CPU
		{AD87D47F-EBFB-4F6A-8735-3898FFA7829E}.Debug|Any CPU.Build.0 = Debug|Any CPU
		{AD87D47F-EBFB-4F6A-8735-3898FFA7829E}.Release|Any CPU.ActiveCfg = Release|Any CPU
		{AD87D47F-EBFB-4F6A-8735-3898FFA7829E}.Release|Any CPU.Build.0 = Release|Any CPU
	EndGlobalSection
	GlobalSection(SolutionProperties) = preSolution
		HideSolutionNode = FALSE
	EndGlobalSection
EndGlobal
