
Microsoft Visual Studio Solution File, Format Version 9.00
# Visual Studio 2005
Project("{FAE04EC0-301F-11D3-BF4B-00C04F79EFBC}") = "InOutRef", "InOutRef\InOutRef.csproj", "{E7CE94A2-FBED-4B51-9B32-F5EACF60B438}"
EndProject
Global
	GlobalSection(SolutionConfigurationPlatforms) = preSolution
		Debug|Any CPU = Debug|Any CPU
		Release|Any CPU = Release|Any CPU
	EndGlobalSection
	GlobalSection(ProjectConfigurationPlatforms) = postSolution
		{E7CE94A2-FBED-4B51-9B32-F5EACF60B438}.Debug|Any CPU.ActiveCfg = Debug|Any CPU
		{E7CE94A2-FBED-4B51-9B32-F5EACF60B438}.Debug|Any CPU.Build.0 = Debug|Any CPU
		{E7CE94A2-FBED-4B51-9B32-F5EACF60B438}.Release|Any CPU.ActiveCfg = Release|Any CPU
		{E7CE94A2-FBED-4B51-9B32-F5EACF60B438}.Release|Any CPU.Build.0 = Release|Any CPU
	EndGlobalSection
	GlobalSection(SolutionProperties) = preSolution
		HideSolutionNode = FALSE
	EndGlobalSection
EndGlobal
