
Microsoft Visual Studio Solution File, Format Version 9.00
# Visual Studio 2005
Project("{FAE04EC0-301F-11D3-BF4B-00C04F79EFBC}") = "DoWhile", "DoWhile\DoWhile.csproj", "{9CB82E79-4EE9-4B69-8284-6E7A82D46D5D}"
EndProject
Global
	GlobalSection(SolutionConfigurationPlatforms) = preSolution
		Debug|Any CPU = Debug|Any CPU
		Release|Any CPU = Release|Any CPU
	EndGlobalSection
	GlobalSection(ProjectConfigurationPlatforms) = postSolution
		{9CB82E79-4EE9-4B69-8284-6E7A82D46D5D}.Debug|Any CPU.ActiveCfg = Debug|Any CPU
		{9CB82E79-4EE9-4B69-8284-6E7A82D46D5D}.Debug|Any CPU.Build.0 = Debug|Any CPU
		{9CB82E79-4EE9-4B69-8284-6E7A82D46D5D}.Release|Any CPU.ActiveCfg = Release|Any CPU
		{9CB82E79-4EE9-4B69-8284-6E7A82D46D5D}.Release|Any CPU.Build.0 = Release|Any CPU
	EndGlobalSection
	GlobalSection(SolutionProperties) = preSolution
		HideSolutionNode = FALSE
	EndGlobalSection
EndGlobal
