
Microsoft Visual Studio Solution File, Format Version 9.00
# Visual Studio 2005
Project("{FAE04EC0-301F-11D3-BF4B-00C04F79EFBC}") = "InitializingMultiDimensionalArray", "InitializingMultiDimensionalArray\InitializingMultiDimensionalArray.csproj", "{AED92CBA-FFF7-4E3F-BC64-9FD786C6C1BC}"
EndProject
Global
	GlobalSection(SolutionConfigurationPlatforms) = preSolution
		Debug|Any CPU = Debug|Any CPU
		Release|Any CPU = Release|Any CPU
	EndGlobalSection
	GlobalSection(ProjectConfigurationPlatforms) = postSolution
		{AED92CBA-FFF7-4E3F-BC64-9FD786C6C1BC}.Debug|Any CPU.ActiveCfg = Debug|Any CPU
		{AED92CBA-FFF7-4E3F-BC64-9FD786C6C1BC}.Debug|Any CPU.Build.0 = Debug|Any CPU
		{AED92CBA-FFF7-4E3F-BC64-9FD786C6C1BC}.Release|Any CPU.ActiveCfg = Release|Any CPU
		{AED92CBA-FFF7-4E3F-BC64-9FD786C6C1BC}.Release|Any CPU.Build.0 = Release|Any CPU
	EndGlobalSection
	GlobalSection(SolutionProperties) = preSolution
		HideSolutionNode = FALSE
	EndGlobalSection
EndGlobal
