
Microsoft Visual Studio Solution File, Format Version 9.00
# Visual Studio 2005
Project("{FAE04EC0-301F-11D3-BF4B-00C04F79EFBC}") = "VaryingReturnType", "VaryingReturnType\VaryingReturnType.csproj", "{7BD25AF5-A1B5-41C0-B790-3B76C81CC166}"
EndProject
Global
	GlobalSection(SolutionConfigurationPlatforms) = preSolution
		Debug|Any CPU = Debug|Any CPU
		Release|Any CPU = Release|Any CPU
	EndGlobalSection
	GlobalSection(ProjectConfigurationPlatforms) = postSolution
		{7BD25AF5-A1B5-41C0-B790-3B76C81CC166}.Debug|Any CPU.ActiveCfg = Debug|Any CPU
		{7BD25AF5-A1B5-41C0-B790-3B76C81CC166}.Debug|Any CPU.Build.0 = Debug|Any CPU
		{7BD25AF5-A1B5-41C0-B790-3B76C81CC166}.Release|Any CPU.ActiveCfg = Release|Any CPU
		{7BD25AF5-A1B5-41C0-B790-3B76C81CC166}.Release|Any CPU.Build.0 = Release|Any CPU
	EndGlobalSection
	GlobalSection(SolutionProperties) = preSolution
		HideSolutionNode = FALSE
	EndGlobalSection
EndGlobal
