
Microsoft Visual Studio Solution File, Format Version 9.00
# Visual Studio 2005
Project("{FAE04EC0-301F-11D3-BF4B-00C04F79EFBC}") = "ThrowingAnException", "ThrowingAnException\ThrowingAnException.csproj", "{F73814E1-8055-49A3-B03C-92F3196A3F5D}"
EndProject
Global
	GlobalSection(SolutionConfigurationPlatforms) = preSolution
		Debug|Any CPU = Debug|Any CPU
		Release|Any CPU = Release|Any CPU
	EndGlobalSection
	GlobalSection(ProjectConfigurationPlatforms) = postSolution
		{F73814E1-8055-49A3-B03C-92F3196A3F5D}.Debug|Any CPU.ActiveCfg = Debug|Any CPU
		{F73814E1-8055-49A3-B03C-92F3196A3F5D}.Debug|Any CPU.Build.0 = Debug|Any CPU
		{F73814E1-8055-49A3-B03C-92F3196A3F5D}.Release|Any CPU.ActiveCfg = Release|Any CPU
		{F73814E1-8055-49A3-B03C-92F3196A3F5D}.Release|Any CPU.Build.0 = Release|Any CPU
	EndGlobalSection
	GlobalSection(SolutionProperties) = preSolution
		HideSolutionNode = FALSE
	EndGlobalSection
EndGlobal
